dependencies:
- name: elasticsearch
  repository: https://helm.elastic.co/
  version: 8.5.1
- name: filebeat
  repository: https://helm.elastic.co/
  version: 7.17.3
- name: metricbeat
  repository: https://helm.elastic.co/
  version: 7.17.3
- name: elasticsearch
  repository: https://helm.elastic.co/
  version: 8.5.1
- name: kibana
  repository: https://helm.elastic.co/
  version: 7.17.3
- name: minio
  repository: https://charts.min.io/
  version: 5.0.15
digest: sha256:0c57558919574fca4e5cfdc5f913e69e78c246e1c74bea03e8578c36a909fba7
generated: "2026-01-28T13:19:01.624745459-05:00"
