dependencies:
- name: assemblyline
  repository: file://../assemblyline
  version: 4.0.5
- name: elasticsearch
  repository: https://helm.elastic.co/
  version: 7.7.0
- name: kibana
  repository: https://helm.elastic.co/
  version: 7.7.0
digest: sha256:d84b3a62b206c916b324f3a0ec455349c6ef26580a1796c8f390740426789845
generated: "2020-05-28T14:19:35.210090211-04:00"
