dependencies:
- name: assemblyline
  repository: file://../assemblyline
  version: 4.0.6
- name: elasticsearch
  repository: https://helm.elastic.co/
  version: 7.7.0
- name: kibana
  repository: https://helm.elastic.co/
  version: 7.7.0
digest: sha256:3d78d7401800312d80554fc97aaa3ddd936fc76aecf1b3b0414d237683f3c57f
generated: "2020-06-11T11:27:38.152096725-04:00"
