dependencies:
- name: elasticsearch
  repository: https://helm.elastic.co/
  version: 7.6.0
- name: logstash
  repository: https://helm.elastic.co/
  version: 7.6.0
- name: filebeat
  repository: https://helm.elastic.co/
  version: 7.6.0
- name: metricbeat
  repository: https://helm.elastic.co/
  version: 7.6.0
digest: sha256:de228920ddd083c76b03dc276329e0a92de359ecac63c1a4c43e93c38170cae1
generated: "2020-05-26T14:41:05.478992931-04:00"
