dependencies:
- name: elasticsearch
  repository: https://helm.elastic.co/
  version: 7.6.0
- name: filebeat
  repository: https://helm.elastic.co/
  version: 7.6.0
- name: metricbeat
  repository: https://helm.elastic.co/
  version: 7.6.0
digest: sha256:dece647d27acd75392e18061d660f10b1291e5b105723f9694d9e558b5b993fc
generated: "2020-03-18T12:12:35.071995989-04:00"
